
Microsoft Visual Studio Solution File, Format Version 12.00
# Visual Studio Version 17
VisualStudioVersion = 17.5.33502.453
MinimumVisualStudioVersion = 10.0.40219.1
Project("{FAE04EC0-301F-11D3-BF4B-00C04F79EFBC}") = "AuthWPF", "AuthWPF\AuthWPF.csproj", "{86B6290E-6F48-4DB7-BCD4-289354D8EB05}"
EndProject
Global
	GlobalSection(SolutionConfigurationPlatforms) = preSolution
		Debug|Any CPU = Debug|Any CPU
		Release|Any CPU = Release|Any CPU
	EndGlobalSection
	GlobalSection(ProjectConfigurationPlatforms) = postSolution
		{86B6290E-6F48-4DB7-BCD4-289354D8EB05}.Debug|Any CPU.ActiveCfg = Debug|Any CPU
		{86B6290E-6F48-4DB7-BCD4-289354D8EB05}.Debug|Any CPU.Build.0 = Debug|Any CPU
		{86B6290E-6F48-4DB7-BCD4-289354D8EB05}.Release|Any CPU.ActiveCfg = Release|Any CPU
		{86B6290E-6F48-4DB7-BCD4-289354D8EB05}.Release|Any CPU.Build.0 = Release|Any CPU
	EndGlobalSection
	GlobalSection(SolutionProperties) = preSolution
		HideSolutionNode = FALSE
	EndGlobalSection
	GlobalSection(ExtensibilityGlobals) = postSolution
		SolutionGuid = {87F47EB3-B3FC-472D-97F1-C1EC61367EF1}
	EndGlobalSection
EndGlobal
